// !$*UTF8*$!
{
	archiveVersion = 1;
	classes = {
	};
	objectVersion = 56;
	objects = {

/* Begin PBXBuildFile section */
		0604B8AF2C37AEAE0045BC94 /* GoogleService-Info.plist in Resources */ = {isa = PBXBuildFile; fileRef = 0604B8AE2C37AEAE0045BC94 /* GoogleService-Info.plist */; };
		0604B8B12C37BB760045BC94 /* Home.storyboard in Resources */ = {isa = PBXBuildFile; fileRef = 0604B8B02C37BB760045BC94 /* Home.storyboard */; };
		0604B8B42C37BBB30045BC94 /* HomeVC.swift in Sources */ = {isa = PBXBuildFile; fileRef = 0604B8B32C37BBB30045BC94 /* HomeVC.swift */; };
		0604B8B62C37BD520045BC94 /* UIViewController.swift in Sources */ = {isa = PBXBuildFile; fileRef = 0604B8B52C37BD520045BC94 /* UIViewController.swift */; };
		0604B8BC2C37BFCE0045BC94 /* UserDefaultsManager.swift in Sources */ = {isa = PBXBuildFile; fileRef = 0604B8BB2C37BFCE0045BC94 /* UserDefaultsManager.swift */; };
		0604B8BE2C37C2930045BC94 /* SignInVM.swift in Sources */ = {isa = PBXBuildFile; fileRef = 0604B8BD2C37C2930045BC94 /* SignInVM.swift */; };
		0604B8C12C37CCB20045BC94 /* ProfileEntity.swift in Sources */ = {isa = PBXBuildFile; fileRef = 0604B8C02C37CCB20045BC94 /* ProfileEntity.swift */; };
		0604B8C32C37CCCA0045BC94 /* HistoryEntity.swift in Sources */ = {isa = PBXBuildFile; fileRef = 0604B8C22C37CCCA0045BC94 /* HistoryEntity.swift */; };
		0604B8C62C37CD430045BC94 /* RealmSwift in Frameworks */ = {isa = PBXBuildFile; productRef = 0604B8C52C37CD430045BC94 /* RealmSwift */; };
		0604B8C82C37D4B40045BC94 /* CineBrowseLocalDataSource.swift in Sources */ = {isa = PBXBuildFile; fileRef = 0604B8C72C37D4B30045BC94 /* CineBrowseLocalDataSource.swift */; };
		0604B8CA2C37D6EB0045BC94 /* FavoriteEntity.swift in Sources */ = {isa = PBXBuildFile; fileRef = 0604B8C92C37D6EB0045BC94 /* FavoriteEntity.swift */; };
		0604B8D02C37FB6A0045BC94 /* ProfileVO.swift in Sources */ = {isa = PBXBuildFile; fileRef = 0604B8CF2C37FB6A0045BC94 /* ProfileVO.swift */; };
		0604B8D22C37FB840045BC94 /* HistoryVO.swift in Sources */ = {isa = PBXBuildFile; fileRef = 0604B8D12C37FB840045BC94 /* HistoryVO.swift */; };
		0604B8D42C37FB910045BC94 /* FavoriteVO.swift in Sources */ = {isa = PBXBuildFile; fileRef = 0604B8D32C37FB910045BC94 /* FavoriteVO.swift */; };
		0604B8D72C37FBCE0045BC94 /* ProfileMapper.swift in Sources */ = {isa = PBXBuildFile; fileRef = 0604B8D62C37FBCE0045BC94 /* ProfileMapper.swift */; };
		0604B8D92C37FBD60045BC94 /* HistoryMapper.swift in Sources */ = {isa = PBXBuildFile; fileRef = 0604B8D82C37FBD60045BC94 /* HistoryMapper.swift */; };
		0604B8DB2C37FBDE0045BC94 /* FavoriteMapper.swift in Sources */ = {isa = PBXBuildFile; fileRef = 0604B8DA2C37FBDE0045BC94 /* FavoriteMapper.swift */; };
		0604B8DE2C3802820045BC94 /* ProfileRepository.swift in Sources */ = {isa = PBXBuildFile; fileRef = 0604B8DD2C3802820045BC94 /* ProfileRepository.swift */; };
		0604B8DF2C380C820045BC94 /* RealmSwift in Embed Frameworks */ = {isa = PBXBuildFile; productRef = 0604B8C52C37CD430045BC94 /* RealmSwift */; settings = {ATTRIBUTES = (CodeSignOnCopy, ); }; };
		0604B8E32C38245D0045BC94 /* TabBarVC.swift in Sources */ = {isa = PBXBuildFile; fileRef = 0604B8E22C38245D0045BC94 /* TabBarVC.swift */; };
		0604B8E82C3826F60045BC94 /* FavoriteVC.swift in Sources */ = {isa = PBXBuildFile; fileRef = 0604B8E72C3826F50045BC94 /* FavoriteVC.swift */; };
		0604B8EA2C3827080045BC94 /* HistoryVC.swift in Sources */ = {isa = PBXBuildFile; fileRef = 0604B8E92C3827080045BC94 /* HistoryVC.swift */; };
		0604B8EC2C3827120045BC94 /* ProfileVC.swift in Sources */ = {isa = PBXBuildFile; fileRef = 0604B8EB2C3827120045BC94 /* ProfileVC.swift */; };
		068F141A2C36C4D60025F2C6 /* AppDelegate.swift in Sources */ = {isa = PBXBuildFile; fileRef = 068F14192C36C4D60025F2C6 /* AppDelegate.swift */; };
		068F141C2C36C4D60025F2C6 /* SceneDelegate.swift in Sources */ = {isa = PBXBuildFile; fileRef = 068F141B2C36C4D60025F2C6 /* SceneDelegate.swift */; };
		068F14212C36C4D60025F2C6 /* Base in Resources */ = {isa = PBXBuildFile; fileRef = 068F14202C36C4D60025F2C6 /* Base */; };
		068F14232C36C4DE0025F2C6 /* Assets.xcassets in Resources */ = {isa = PBXBuildFile; fileRef = 068F14222C36C4DE0025F2C6 /* Assets.xcassets */; };
		068F14262C36C4DE0025F2C6 /* Base in Resources */ = {isa = PBXBuildFile; fileRef = 068F14252C36C4DE0025F2C6 /* Base */; };
		068F14312C36C4DF0025F2C6 /* CineBrowseTests.swift in Sources */ = {isa = PBXBuildFile; fileRef = 068F14302C36C4DF0025F2C6 /* CineBrowseTests.swift */; };
		068F143B2C36C4DF0025F2C6 /* CineBrowseUITests.swift in Sources */ = {isa = PBXBuildFile; fileRef = 068F143A2C36C4DF0025F2C6 /* CineBrowseUITests.swift */; };
		068F143D2C36C4DF0025F2C6 /* CineBrowseUITestsLaunchTests.swift in Sources */ = {isa = PBXBuildFile; fileRef = 068F143C2C36C4DF0025F2C6 /* CineBrowseUITestsLaunchTests.swift */; };
		068F144B2C36E1750025F2C6 /* FirebaseAnalyticsSwift in Frameworks */ = {isa = PBXBuildFile; productRef = 068F144A2C36E1750025F2C6 /* FirebaseAnalyticsSwift */; };
		068F144D2C36E1750025F2C6 /* FirebaseAppCheck in Frameworks */ = {isa = PBXBuildFile; productRef = 068F144C2C36E1750025F2C6 /* FirebaseAppCheck */; };
		068F144F2C36E1750025F2C6 /* FirebaseAuth in Frameworks */ = {isa = PBXBuildFile; productRef = 068F144E2C36E1750025F2C6 /* FirebaseAuth */; };
		068F14522C36E4700025F2C6 /* GoogleSignInSwift in Frameworks */ = {isa = PBXBuildFile; productRef = 068F14512C36E4700025F2C6 /* GoogleSignInSwift */; };
		069C27622C3783C8009E00D0 /* RootNC.swift in Sources */ = {isa = PBXBuildFile; fileRef = 069C27612C3783C8009E00D0 /* RootNC.swift */; };
		069C27662C3790D8009E00D0 /* Auth.storyboard in Resources */ = {isa = PBXBuildFile; fileRef = 069C27652C3790D8009E00D0 /* Auth.storyboard */; };
		069C27682C379641009E00D0 /* Storyboarded.swift in Sources */ = {isa = PBXBuildFile; fileRef = 069C27672C379641009E00D0 /* Storyboarded.swift */; };
		069C276B2C3796E8009E00D0 /* SignInVC.swift in Sources */ = {isa = PBXBuildFile; fileRef = 069C276A2C3796E8009E00D0 /* SignInVC.swift */; };
		069C276E2C379772009E00D0 /* SplashVC.swift in Sources */ = {isa = PBXBuildFile; fileRef = 069C276D2C379772009E00D0 /* SplashVC.swift */; };
/* End PBXBuildFile section */

/* Begin PBXContainerItemProxy section */
		068F142D2C36C4DF0025F2C6 /* PBXContainerItemProxy */ = {
			isa = PBXContainerItemProxy;
			containerPortal = 068F140E2C36C4D60025F2C6 /* Project object */;
			proxyType = 1;
			remoteGlobalIDString = 068F14152C36C4D60025F2C6;
			remoteInfo = CineBrowse;
		};
		068F14372C36C4DF0025F2C6 /* PBXContainerItemProxy */ = {
			isa = PBXContainerItemProxy;
			containerPortal = 068F140E2C36C4D60025F2C6 /* Project object */;
			proxyType = 1;
			remoteGlobalIDString = 068F14152C36C4D60025F2C6;
			remoteInfo = CineBrowse;
		};
/* End PBXContainerItemProxy section */

/* Begin PBXCopyFilesBuildPhase section */
		0604B8E02C380C820045BC94 /* Embed Frameworks */ = {
			isa = PBXCopyFilesBuildPhase;
			buildActionMask = 2147483647;
			dstPath = "";
			dstSubfolderSpec = 10;
			files = (
				0604B8DF2C380C820045BC94 /* RealmSwift in Embed Frameworks */,
			);
			name = "Embed Frameworks";
			runOnlyForDeploymentPostprocessing = 0;
		};
/* End PBXCopyFilesBuildPhase section */

/* Begin PBXFileReference section */
		0604B8AE2C37AEAE0045BC94 /* GoogleService-Info.plist */ = {isa = PBXFileReference; fileEncoding = 4; lastKnownFileType = text.plist.xml; path = "GoogleService-Info.plist"; sourceTree = "<group>"; };
		0604B8B02C37BB760045BC94 /* Home.storyboard */ = {isa = PBXFileReference; lastKnownFileType = file.storyboard; path = Home.storyboard; sourceTree = "<group>"; };
		0604B8B32C37BBB30045BC94 /* HomeVC.swift */ = {isa = PBXFileReference; lastKnownFileType = sourcecode.swift; path = HomeVC.swift; sourceTree = "<group>"; };
		0604B8B52C37BD520045BC94 /* UIViewController.swift */ = {isa = PBXFileReference; lastKnownFileType = sourcecode.swift; path = UIViewController.swift; sourceTree = "<group>"; };
		0604B8BB2C37BFCE0045BC94 /* UserDefaultsManager.swift */ = {isa = PBXFileReference; lastKnownFileType = sourcecode.swift; path = UserDefaultsManager.swift; sourceTree = "<group>"; };
		0604B8BD2C37C2930045BC94 /* SignInVM.swift */ = {isa = PBXFileReference; lastKnownFileType = sourcecode.swift; path = SignInVM.swift; sourceTree = "<group>"; };
		0604B8C02C37CCB20045BC94 /* ProfileEntity.swift */ = {isa = PBXFileReference; lastKnownFileType = sourcecode.swift; path = ProfileEntity.swift; sourceTree = "<group>"; };
		0604B8C22C37CCCA0045BC94 /* HistoryEntity.swift */ = {isa = PBXFileReference; lastKnownFileType = sourcecode.swift; path = HistoryEntity.swift; sourceTree = "<group>"; };
		0604B8C72C37D4B30045BC94 /* CineBrowseLocalDataSource.swift */ = {isa = PBXFileReference; lastKnownFileType = sourcecode.swift; path = CineBrowseLocalDataSource.swift; sourceTree = "<group>"; };
		0604B8C92C37D6EB0045BC94 /* FavoriteEntity.swift */ = {isa = PBXFileReference; lastKnownFileType = sourcecode.swift; path = FavoriteEntity.swift; sourceTree = "<group>"; };
		0604B8CF2C37FB6A0045BC94 /* ProfileVO.swift */ = {isa = PBXFileReference; lastKnownFileType = sourcecode.swift; path = ProfileVO.swift; sourceTree = "<group>"; };
		0604B8D12C37FB840045BC94 /* HistoryVO.swift */ = {isa = PBXFileReference; lastKnownFileType = sourcecode.swift; path = HistoryVO.swift; sourceTree = "<group>"; };
		0604B8D32C37FB910045BC94 /* FavoriteVO.swift */ = {isa = PBXFileReference; lastKnownFileType = sourcecode.swift; path = FavoriteVO.swift; sourceTree = "<group>"; };
		0604B8D62C37FBCE0045BC94 /* ProfileMapper.swift */ = {isa = PBXFileReference; lastKnownFileType = sourcecode.swift; path = ProfileMapper.swift; sourceTree = "<group>"; };
		0604B8D82C37FBD60045BC94 /* HistoryMapper.swift */ = {isa = PBXFileReference; lastKnownFileType = sourcecode.swift; path = HistoryMapper.swift; sourceTree = "<group>"; };
		0604B8DA2C37FBDE0045BC94 /* FavoriteMapper.swift */ = {isa = PBXFileReference; lastKnownFileType = sourcecode.swift; path = FavoriteMapper.swift; sourceTree = "<group>"; };
		0604B8DD2C3802820045BC94 /* ProfileRepository.swift */ = {isa = PBXFileReference; lastKnownFileType = sourcecode.swift; path = ProfileRepository.swift; sourceTree = "<group>"; };
		0604B8E22C38245D0045BC94 /* TabBarVC.swift */ = {isa = PBXFileReference; lastKnownFileType = sourcecode.swift; path = TabBarVC.swift; sourceTree = "<group>"; };
		0604B8E72C3826F50045BC94 /* FavoriteVC.swift */ = {isa = PBXFileReference; lastKnownFileType = sourcecode.swift; path = FavoriteVC.swift; sourceTree = "<group>"; };
		0604B8E92C3827080045BC94 /* HistoryVC.swift */ = {isa = PBXFileReference; lastKnownFileType = sourcecode.swift; path = HistoryVC.swift; sourceTree = "<group>"; };
		0604B8EB2C3827120045BC94 /* ProfileVC.swift */ = {isa = PBXFileReference; lastKnownFileType = sourcecode.swift; path = ProfileVC.swift; sourceTree = "<group>"; };
		068F14162C36C4D60025F2C6 /* CineBrowse.app */ = {isa = PBXFileReference; explicitFileType = wrapper.application; includeInIndex = 0; path = CineBrowse.app; sourceTree = BUILT_PRODUCTS_DIR; };
		068F14192C36C4D60025F2C6 /* AppDelegate.swift */ = {isa = PBXFileReference; lastKnownFileType = sourcecode.swift; path = AppDelegate.swift; sourceTree = "<group>"; };
		068F141B2C36C4D60025F2C6 /* SceneDelegate.swift */ = {isa = PBXFileReference; lastKnownFileType = sourcecode.swift; path = SceneDelegate.swift; sourceTree = "<group>"; };
		068F14202C36C4D60025F2C6 /* Base */ = {isa = PBXFileReference; lastKnownFileType = file.storyboard; name = Base; path = Base.lproj/Main.storyboard; sourceTree = "<group>"; };
		068F14222C36C4DE0025F2C6 /* Assets.xcassets */ = {isa = PBXFileReference; lastKnownFileType = folder.assetcatalog; path = Assets.xcassets; sourceTree = "<group>"; };
		068F14252C36C4DE0025F2C6 /* Base */ = {isa = PBXFileReference; lastKnownFileType = file.storyboard; name = Base; path = Base.lproj/LaunchScreen.storyboard; sourceTree = "<group>"; };
		068F14272C36C4DE0025F2C6 /* Info.plist */ = {isa = PBXFileReference; lastKnownFileType = text.plist.xml; path = Info.plist; sourceTree = "<group>"; };
		068F142C2C36C4DF0025F2C6 /* CineBrowseTests.xctest */ = {isa = PBXFileReference; explicitFileType = wrapper.cfbundle; includeInIndex = 0; path = CineBrowseTests.xctest; sourceTree = BUILT_PRODUCTS_DIR; };
		068F14302C36C4DF0025F2C6 /* CineBrowseTests.swift */ = {isa = PBXFileReference; lastKnownFileType = sourcecode.swift; path = CineBrowseTests.swift; sourceTree = "<group>"; };
		068F14362C36C4DF0025F2C6 /* CineBrowseUITests.xctest */ = {isa = PBXFileReference; explicitFileType = wrapper.cfbundle; includeInIndex = 0; path = CineBrowseUITests.xctest; sourceTree = BUILT_PRODUCTS_DIR; };
		068F143A2C36C4DF0025F2C6 /* CineBrowseUITests.swift */ = {isa = PBXFileReference; lastKnownFileType = sourcecode.swift; path = CineBrowseUITests.swift; sourceTree = "<group>"; };
		068F143C2C36C4DF0025F2C6 /* CineBrowseUITestsLaunchTests.swift */ = {isa = PBXFileReference; lastKnownFileType = sourcecode.swift; path = CineBrowseUITestsLaunchTests.swift; sourceTree = "<group>"; };
		069C27612C3783C8009E00D0 /* RootNC.swift */ = {isa = PBXFileReference; lastKnownFileType = sourcecode.swift; path = RootNC.swift; sourceTree = "<group>"; };
		069C27652C3790D8009E00D0 /* Auth.storyboard */ = {isa = PBXFileReference; lastKnownFileType = file.storyboard; path = Auth.storyboard; sourceTree = "<group>"; };
		069C27672C379641009E00D0 /* Storyboarded.swift */ = {isa = PBXFileReference; lastKnownFileType = sourcecode.swift; path = Storyboarded.swift; sourceTree = "<group>"; };
		069C276A2C3796E8009E00D0 /* SignInVC.swift */ = {isa = PBXFileReference; lastKnownFileType = sourcecode.swift; path = SignInVC.swift; sourceTree = "<group>"; };
		069C276D2C379772009E00D0 /* SplashVC.swift */ = {isa = PBXFileReference; lastKnownFileType = sourcecode.swift; path = SplashVC.swift; sourceTree = "<group>"; };
/* End PBXFileReference section */

/* Begin PBXFrameworksBuildPhase section */
		068F14132C36C4D60025F2C6 /* Frameworks */ = {
			isa = PBXFrameworksBuildPhase;
			buildActionMask = 2147483647;
			files = (
				068F144D2C36E1750025F2C6 /* FirebaseAppCheck in Frameworks */,
				068F144F2C36E1750025F2C6 /* FirebaseAuth in Frameworks */,
				068F144B2C36E1750025F2C6 /* FirebaseAnalyticsSwift in Frameworks */,
				0604B8C62C37CD430045BC94 /* RealmSwift in Frameworks */,
				068F14522C36E4700025F2C6 /* GoogleSignInSwift in Frameworks */,
			);
			runOnlyForDeploymentPostprocessing = 0;
		};
		068F14292C36C4DF0025F2C6 /* Frameworks */ = {
			isa = PBXFrameworksBuildPhase;
			buildActionMask = 2147483647;
			files = (
			);
			runOnlyForDeploymentPostprocessing = 0;
		};
		068F14332C36C4DF0025F2C6 /* Frameworks */ = {
			isa = PBXFrameworksBuildPhase;
			buildActionMask = 2147483647;
			files = (
			);
			runOnlyForDeploymentPostprocessing = 0;
		};
/* End PBXFrameworksBuildPhase section */

/* Begin PBXGroup section */
		0604B8B22C37BBA80045BC94 /* Home */ = {
			isa = PBXGroup;
			children = (
				0604B8B32C37BBB30045BC94 /* HomeVC.swift */,
			);
			path = Home;
			sourceTree = "<group>";
		};
		0604B8B92C37BF780045BC94 /* DataSources */ = {
			isa = PBXGroup;
			children = (
				0604B8BA2C37BF800045BC94 /* Local */,
			);
			path = DataSources;
			sourceTree = "<group>";
		};
		0604B8BA2C37BF800045BC94 /* Local */ = {
			isa = PBXGroup;
			children = (
				0604B8BB2C37BFCE0045BC94 /* UserDefaultsManager.swift */,
				0604B8C72C37D4B30045BC94 /* CineBrowseLocalDataSource.swift */,
			);
			path = Local;
			sourceTree = "<group>";
		};
		0604B8BF2C37CC4E0045BC94 /* Entities */ = {
			isa = PBXGroup;
			children = (
				0604B8C02C37CCB20045BC94 /* ProfileEntity.swift */,
				0604B8C22C37CCCA0045BC94 /* HistoryEntity.swift */,
				0604B8C92C37D6EB0045BC94 /* FavoriteEntity.swift */,
			);
			path = Entities;
			sourceTree = "<group>";
		};
		0604B8CB2C37FAF80045BC94 /* Models */ = {
			isa = PBXGroup;
			children = (
				0604B8CE2C37FB450045BC94 /* Responses */,
				0604B8CD2C37FB400045BC94 /* Requests */,
				0604B8CC2C37FB290045BC94 /* VOs */,
			);
			path = Models;
			sourceTree = "<group>";
		};
		0604B8CC2C37FB290045BC94 /* VOs */ = {
			isa = PBXGroup;
			children = (
				0604B8CF2C37FB6A0045BC94 /* ProfileVO.swift */,
				0604B8D12C37FB840045BC94 /* HistoryVO.swift */,
				0604B8D32C37FB910045BC94 /* FavoriteVO.swift */,
			);
			path = VOs;
			sourceTree = "<group>";
		};
		0604B8CD2C37FB400045BC94 /* Requests */ = {
			isa = PBXGroup;
			children = (
			);
			path = Requests;
			sourceTree = "<group>";
		};
		0604B8CE2C37FB450045BC94 /* Responses */ = {
			isa = PBXGroup;
			children = (
			);
			path = Responses;
			sourceTree = "<group>";
		};
		0604B8D52C37FB950045BC94 /* Mappers */ = {
			isa = PBXGroup;
			children = (
				0604B8D62C37FBCE0045BC94 /* ProfileMapper.swift */,
				0604B8D82C37FBD60045BC94 /* HistoryMapper.swift */,
				0604B8DA2C37FBDE0045BC94 /* FavoriteMapper.swift */,
			);
			path = Mappers;
			sourceTree = "<group>";
		};
		0604B8DC2C3802450045BC94 /* Repositories */ = {
			isa = PBXGroup;
			children = (
				0604B8DD2C3802820045BC94 /* ProfileRepository.swift */,
			);
			path = Repositories;
			sourceTree = "<group>";
		};
		0604B8E12C3824420045BC94 /* TabBar */ = {
			isa = PBXGroup;
			children = (
				0604B8E22C38245D0045BC94 /* TabBarVC.swift */,
			);
			path = TabBar;
			sourceTree = "<group>";
		};
		0604B8E42C3826A90045BC94 /* Profile */ = {
			isa = PBXGroup;
			children = (
				0604B8EB2C3827120045BC94 /* ProfileVC.swift */,
			);
			path = Profile;
			sourceTree = "<group>";
		};
		0604B8E52C3826B60045BC94 /* History */ = {
			isa = PBXGroup;
			children = (
				0604B8E92C3827080045BC94 /* HistoryVC.swift */,
			);
			path = History;
			sourceTree = "<group>";
		};
		0604B8E62C3826BD0045BC94 /* Favorite */ = {
			isa = PBXGroup;
			children = (
				0604B8E72C3826F50045BC94 /* FavoriteVC.swift */,
			);
			path = Favorite;
			sourceTree = "<group>";
		};
		068F140D2C36C4D60025F2C6 = {
			isa = PBXGroup;
			children = (
				068F14182C36C4D60025F2C6 /* CineBrowse */,
				068F142F2C36C4DF0025F2C6 /* CineBrowseTests */,
				068F14392C36C4DF0025F2C6 /* CineBrowseUITests */,
				068F14172C36C4D60025F2C6 /* Products */,
			);
			sourceTree = "<group>";
		};
		068F14172C36C4D60025F2C6 /* Products */ = {
			isa = PBXGroup;
			children = (
				068F14162C36C4D60025F2C6 /* CineBrowse.app */,
				068F142C2C36C4DF0025F2C6 /* CineBrowseTests.xctest */,
				068F14362C36C4DF0025F2C6 /* CineBrowseUITests.xctest */,
			);
			name = Products;
			sourceTree = "<group>";
		};
		068F14182C36C4D60025F2C6 /* CineBrowse */ = {
			isa = PBXGroup;
			children = (
				069C275E2C377C3E009E00D0 /* Utilities */,
				069C275D2C377C39009E00D0 /* Extensions */,
				069C275C2C377C25009E00D0 /* Data */,
				069C275A2C377C11009E00D0 /* Views */,
				069C275F2C3782BB009E00D0 /* Storyboards */,
				068F14192C36C4D60025F2C6 /* AppDelegate.swift */,
				068F141B2C36C4D60025F2C6 /* SceneDelegate.swift */,
				068F14222C36C4DE0025F2C6 /* Assets.xcassets */,
				068F14272C36C4DE0025F2C6 /* Info.plist */,
				0604B8AE2C37AEAE0045BC94 /* GoogleService-Info.plist */,
			);
			path = CineBrowse;
			sourceTree = "<group>";
		};
		068F142F2C36C4DF0025F2C6 /* CineBrowseTests */ = {
			isa = PBXGroup;
			children = (
				068F14302C36C4DF0025F2C6 /* CineBrowseTests.swift */,
			);
			path = CineBrowseTests;
			sourceTree = "<group>";
		};
		068F14392C36C4DF0025F2C6 /* CineBrowseUITests */ = {
			isa = PBXGroup;
			children = (
				068F143A2C36C4DF0025F2C6 /* CineBrowseUITests.swift */,
				068F143C2C36C4DF0025F2C6 /* CineBrowseUITestsLaunchTests.swift */,
			);
			path = CineBrowseUITests;
			sourceTree = "<group>";
		};
		069C275A2C377C11009E00D0 /* Views */ = {
			isa = PBXGroup;
			children = (
				069C27602C3782E6009E00D0 /* Navigation */,
				069C275B2C377C1C009E00D0 /* VCs */,
			);
			path = Views;
			sourceTree = "<group>";
		};
		069C275B2C377C1C009E00D0 /* VCs */ = {
			isa = PBXGroup;
			children = (
				0604B8E12C3824420045BC94 /* TabBar */,
				0604B8B22C37BBA80045BC94 /* Home */,
				0604B8E52C3826B60045BC94 /* History */,
				0604B8E62C3826BD0045BC94 /* Favorite */,
				0604B8E42C3826A90045BC94 /* Profile */,
				069C276C2C379761009E00D0 /* Splash */,
				069C27692C3796D0009E00D0 /* Auth */,
			);
			path = VCs;
			sourceTree = "<group>";
		};
		069C275C2C377C25009E00D0 /* Data */ = {
			isa = PBXGroup;
			children = (
				0604B8DC2C3802450045BC94 /* Repositories */,
				0604B8D52C37FB950045BC94 /* Mappers */,
				0604B8CB2C37FAF80045BC94 /* Models */,
				0604B8BF2C37CC4E0045BC94 /* Entities */,
				0604B8B92C37BF780045BC94 /* DataSources */,
			);
			path = Data;
			sourceTree = "<group>";
		};
		069C275D2C377C39009E00D0 /* Extensions */ = {
			isa = PBXGroup;
			children = (
				0604B8B52C37BD520045BC94 /* UIViewController.swift */,
			);
			path = Extensions;
			sourceTree = "<group>";
		};
		069C275E2C377C3E009E00D0 /* Utilities */ = {
			isa = PBXGroup;
			children = (
				069C27672C379641009E00D0 /* Storyboarded.swift */,
			);
			path = Utilities;
			sourceTree = "<group>";
		};
		069C275F2C3782BB009E00D0 /* Storyboards */ = {
			isa = PBXGroup;
			children = (
				0604B8B02C37BB760045BC94 /* Home.storyboard */,
				069C27652C3790D8009E00D0 /* Auth.storyboard */,
				068F141F2C36C4D60025F2C6 /* Main.storyboard */,
				068F14242C36C4DE0025F2C6 /* LaunchScreen.storyboard */,
			);
			path = Storyboards;
			sourceTree = "<group>";
		};
		069C27602C3782E6009E00D0 /* Navigation */ = {
			isa = PBXGroup;
			children = (
				069C27612C3783C8009E00D0 /* RootNC.swift */,
			);
			path = Navigation;
			sourceTree = "<group>";
		};
		069C27692C3796D0009E00D0 /* Auth */ = {
			isa = PBXGroup;
			children = (
				069C276A2C3796E8009E00D0 /* SignInVC.swift */,
				0604B8BD2C37C2930045BC94 /* SignInVM.swift */,
			);
			path = Auth;
			sourceTree = "<group>";
		};
		069C276C2C379761009E00D0 /* Splash */ = {
			isa = PBXGroup;
			children = (
				069C276D2C379772009E00D0 /* SplashVC.swift */,
			);
			path = Splash;
			sourceTree = "<group>";
		};
/* End PBXGroup section */

/* Begin PBXNativeTarget section */
		068F14152C36C4D60025F2C6 /* CineBrowse */ = {
			isa = PBXNativeTarget;
			buildConfigurationList = 068F14402C36C4DF0025F2C6 /* Build configuration list for PBXNativeTarget "CineBrowse" */;
			buildPhases = (
				068F14122C36C4D60025F2C6 /* Sources */,
				068F14132C36C4D60025F2C6 /* Frameworks */,
				068F14142C36C4D60025F2C6 /* Resources */,
				0604B8E02C380C820045BC94 /* Embed Frameworks */,
			);
			buildRules = (
			);
			dependencies = (
			);
			name = CineBrowse;
			packageProductDependencies = (
				068F144A2C36E1750025F2C6 /* FirebaseAnalyticsSwift */,
				068F144C2C36E1750025F2C6 /* FirebaseAppCheck */,
				068F144E2C36E1750025F2C6 /* FirebaseAuth */,
				068F14512C36E4700025F2C6 /* GoogleSignInSwift */,
				0604B8C52C37CD430045BC94 /* RealmSwift */,
			);
			productName = CineBrowse;
			productReference = 068F14162C36C4D60025F2C6 /* CineBrowse.app */;
			productType = "com.apple.product-type.application";
		};
		068F142B2C36C4DF0025F2C6 /* CineBrowseTests */ = {
			isa = PBXNativeTarget;
			buildConfigurationList = 068F14432C36C4DF0025F2C6 /* Build configuration list for PBXNativeTarget "CineBrowseTests" */;
			buildPhases = (
				068F14282C36C4DF0025F2C6 /* Sources */,
				068F14292C36C4DF0025F2C6 /* Frameworks */,
				068F142A2C36C4DF0025F2C6 /* Resources */,
			);
			buildRules = (
			);
			dependencies = (
				068F142E2C36C4DF0025F2C6 /* PBXTargetDependency */,
			);
			name = CineBrowseTests;
			productName = CineBrowseTests;
			productReference = 068F142C2C36C4DF0025F2C6 /* CineBrowseTests.xctest */;
			productType = "com.apple.product-type.bundle.unit-test";
		};
		068F14352C36C4DF0025F2C6 /* CineBrowseUITests */ = {
			isa = PBXNativeTarget;
			buildConfigurationList = 068F14462C36C4DF0025F2C6 /* Build configuration list for PBXNativeTarget "CineBrowseUITests" */;
			buildPhases = (
				068F14322C36C4DF0025F2C6 /* Sources */,
				068F14332C36C4DF0025F2C6 /* Frameworks */,
				068F14342C36C4DF0025F2C6 /* Resources */,
			);
			buildRules = (
			);
			dependencies = (
				068F14382C36C4DF0025F2C6 /* PBXTargetDependency */,
			);
			name = CineBrowseUITests;
			productName = CineBrowseUITests;
			productReference = 068F14362C36C4DF0025F2C6 /* CineBrowseUITests.xctest */;
			productType = "com.apple.product-type.bundle.ui-testing";
		};
/* End PBXNativeTarget section */

/* Begin PBXProject section */
		068F140E2C36C4D60025F2C6 /* Project object */ = {
			isa = PBXProject;
			attributes = {
				BuildIndependentTargetsInParallel = 1;
				LastSwiftUpdateCheck = 1540;
				LastUpgradeCheck = 1540;
				TargetAttributes = {
					068F14152C36C4D60025F2C6 = {
						CreatedOnToolsVersion = 15.4;
					};
					068F142B2C36C4DF0025F2C6 = {
						CreatedOnToolsVersion = 15.4;
						TestTargetID = 068F14152C36C4D60025F2C6;
					};
					068F14352C36C4DF0025F2C6 = {
						CreatedOnToolsVersion = 15.4;
						TestTargetID = 068F14152C36C4D60025F2C6;
					};
				};
			};
			buildConfigurationList = 068F14112C36C4D60025F2C6 /* Build configuration list for PBXProject "CineBrowse" */;
			compatibilityVersion = "Xcode 14.0";
			developmentRegion = en;
			hasScannedForEncodings = 0;
			knownRegions = (
				en,
				Base,
			);
			mainGroup = 068F140D2C36C4D60025F2C6;
			packageReferences = (
				068F14492C36E1740025F2C6 /* XCRemoteSwiftPackageReference "firebase-ios-sdk" */,
				068F14502C36E4700025F2C6 /* XCRemoteSwiftPackageReference "GoogleSignIn-iOS" */,
				0604B8C42C37CD430045BC94 /* XCRemoteSwiftPackageReference "realm-swift" */,
			);
			productRefGroup = 068F14172C36C4D60025F2C6 /* Products */;
			projectDirPath = "";
			projectRoot = "";
			targets = (
				068F14152C36C4D60025F2C6 /* CineBrowse */,
				068F142B2C36C4DF0025F2C6 /* CineBrowseTests */,
				068F14352C36C4DF0025F2C6 /* CineBrowseUITests */,
			);
		};
/* End PBXProject section */

/* Begin PBXResourcesBuildPhase section */
		068F14142C36C4D60025F2C6 /* Resources */ = {
			isa = PBXResourcesBuildPhase;
			buildActionMask = 2147483647;
			files = (
				068F14232C36C4DE0025F2C6 /* Assets.xcassets in Resources */,
				069C27662C3790D8009E00D0 /* Auth.storyboard in Resources */,
				0604B8AF2C37AEAE0045BC94 /* GoogleService-Info.plist in Resources */,
				0604B8B12C37BB760045BC94 /* Home.storyboard in Resources */,
				068F14262C36C4DE0025F2C6 /* Base in Resources */,
				068F14212C36C4D60025F2C6 /* Base in Resources */,
			);
			runOnlyForDeploymentPostprocessing = 0;
		};
		068F142A2C36C4DF0025F2C6 /* Resources */ = {
			isa = PBXResourcesBuildPhase;
			buildActionMask = 2147483647;
			files = (
			);
			runOnlyForDeploymentPostprocessing = 0;
		};
		068F14342C36C4DF0025F2C6 /* Resources */ = {
			isa = PBXResourcesBuildPhase;
			buildActionMask = 2147483647;
			files = (
			);
			runOnlyForDeploymentPostprocessing = 0;
		};
/* End PBXResourcesBuildPhase section */

/* Begin PBXSourcesBuildPhase section */
		068F14122C36C4D60025F2C6 /* Sources */ = {
			isa = PBXSourcesBuildPhase;
			buildActionMask = 2147483647;
			files = (
				0604B8C12C37CCB20045BC94 /* ProfileEntity.swift in Sources */,
				0604B8D22C37FB840045BC94 /* HistoryVO.swift in Sources */,
				068F141A2C36C4D60025F2C6 /* AppDelegate.swift in Sources */,
				0604B8D42C37FB910045BC94 /* FavoriteVO.swift in Sources */,
				0604B8D72C37FBCE0045BC94 /* ProfileMapper.swift in Sources */,
				0604B8EC2C3827120045BC94 /* ProfileVC.swift in Sources */,
				0604B8CA2C37D6EB0045BC94 /* FavoriteEntity.swift in Sources */,
				0604B8D02C37FB6A0045BC94 /* ProfileVO.swift in Sources */,
				0604B8B42C37BBB30045BC94 /* HomeVC.swift in Sources */,
				0604B8E32C38245D0045BC94 /* TabBarVC.swift in Sources */,
				068F141C2C36C4D60025F2C6 /* SceneDelegate.swift in Sources */,
				0604B8DE2C3802820045BC94 /* ProfileRepository.swift in Sources */,
				069C27622C3783C8009E00D0 /* RootNC.swift in Sources */,
				0604B8C82C37D4B40045BC94 /* CineBrowseLocalDataSource.swift in Sources */,
				0604B8EA2C3827080045BC94 /* HistoryVC.swift in Sources */,
				0604B8BE2C37C2930045BC94 /* SignInVM.swift in Sources */,
				069C27682C379641009E00D0 /* Storyboarded.swift in Sources */,
				0604B8D92C37FBD60045BC94 /* HistoryMapper.swift in Sources */,
				0604B8BC2C37BFCE0045BC94 /* UserDefaultsManager.swift in Sources */,
				069C276B2C3796E8009E00D0 /* SignInVC.swift in Sources */,
				0604B8E82C3826F60045BC94 /* FavoriteVC.swift in Sources */,
				0604B8DB2C37FBDE0045BC94 /* FavoriteMapper.swift in Sources */,
				0604B8C32C37CCCA0045BC94 /* HistoryEntity.swift in Sources */,
				0604B8B62C37BD520045BC94 /* UIViewController.swift in Sources */,
				069C276E2C379772009E00D0 /* SplashVC.swift in Sources */,
			);
			runOnlyForDeploymentPostprocessing = 0;
		};
		068F14282C36C4DF0025F2C6 /* Sources */ = {
			isa = PBXSourcesBuildPhase;
			buildActionMask = 2147483647;
			files = (
				068F14312C36C4DF0025F2C6 /* CineBrowseTests.swift in Sources */,
			);
			runOnlyForDeploymentPostprocessing = 0;
		};
		068F14322C36C4DF0025F2C6 /* Sources */ = {
			isa = PBXSourcesBuildPhase;
			buildActionMask = 2147483647;
			files = (
				068F143B2C36C4DF0025F2C6 /* CineBrowseUITests.swift in Sources */,
				068F143D2C36C4DF0025F2C6 /* CineBrowseUITestsLaunchTests.swift in Sources */,
			);
			runOnlyForDeploymentPostprocessing = 0;
		};
/* End PBXSourcesBuildPhase section */

/* Begin PBXTargetDependency section */
		068F142E2C36C4DF0025F2C6 /* PBXTargetDependency */ = {
			isa = PBXTargetDependency;
			target = 068F14152C36C4D60025F2C6 /* CineBrowse */;
			targetProxy = 068F142D2C36C4DF0025F2C6 /* PBXContainerItemProxy */;
		};
		068F14382C36C4DF0025F2C6 /* PBXTargetDependency */ = {
			isa = PBXTargetDependency;
			target = 068F14152C36C4D60025F2C6 /* CineBrowse */;
			targetProxy = 068F14372C36C4DF0025F2C6 /* PBXContainerItemProxy */;
		};
/* End PBXTargetDependency section */

/* Begin PBXVariantGroup section */
		068F141F2C36C4D60025F2C6 /* Main.storyboard */ = {
			isa = PBXVariantGroup;
			children = (
				068F14202C36C4D60025F2C6 /* Base */,
			);
			name = Main.storyboard;
			sourceTree = "<group>";
		};
		068F14242C36C4DE0025F2C6 /* LaunchScreen.storyboard */ = {
			isa = PBXVariantGroup;
			children = (
				068F14252C36C4DE0025F2C6 /* Base */,
			);
			name = LaunchScreen.storyboard;
			sourceTree = "<group>";
		};
/* End PBXVariantGroup section */

/* Begin XCBuildConfiguration section */
		068F143E2C36C4DF0025F2C6 /* Debug */ = {
			isa = XCBuildConfiguration;
			buildSettings = {
				ALWAYS_SEARCH_USER_PATHS = NO;
				ASSETCATALOG_COMPILER_GENERATE_SWIFT_ASSET_SYMBOL_EXTENSIONS = YES;
				CLANG_ANALYZER_NONNULL = YES;
				CLANG_ANALYZER_NUMBER_OBJECT_CONVERSION = YES_AGGRESSIVE;
				CLANG_CXX_LANGUAGE_STANDARD = "gnu++20";
				CLANG_ENABLE_MODULES = YES;
				CLANG_ENABLE_OBJC_ARC = YES;
				CLANG_ENABLE_OBJC_WEAK = YES;
				CLANG_WARN_BLOCK_CAPTURE_AUTORELEASING = YES;
				CLANG_WARN_BOOL_CONVERSION = YES;
				CLANG_WARN_COMMA = YES;
				CLANG_WARN_CONSTANT_CONVERSION = YES;
				CLANG_WARN_DEPRECATED_OBJC_IMPLEMENTATIONS = YES;
				CLANG_WARN_DIRECT_OBJC_ISA_USAGE = YES_ERROR;
				CLANG_WARN_DOCUMENTATION_COMMENTS = YES;
				CLANG_WARN_EMPTY_BODY = YES;
				CLANG_WARN_ENUM_CONVERSION = YES;
				CLANG_WARN_INFINITE_RECURSION = YES;
				CLANG_WARN_INT_CONVERSION = YES;
				CLANG_WARN_NON_LITERAL_NULL_CONVERSION = YES;
				CLANG_WARN_OBJC_IMPLICIT_RETAIN_SELF = YES;
				CLANG_WARN_OBJC_LITERAL_CONVERSION = YES;
				CLANG_WARN_OBJC_ROOT_CLASS = YES_ERROR;
				CLANG_WARN_QUOTED_INCLUDE_IN_FRAMEWORK_HEADER = YES;
				CLANG_WARN_RANGE_LOOP_ANALYSIS = YES;
				CLANG_WARN_STRICT_PROTOTYPES = YES;
				CLANG_WARN_SUSPICIOUS_MOVE = YES;
				CLANG_WARN_UNGUARDED_AVAILABILITY = YES_AGGRESSIVE;
				CLANG_WARN_UNREACHABLE_CODE = YES;
				CLANG_WARN__DUPLICATE_METHOD_MATCH = YES;
				COPY_PHASE_STRIP = NO;
				DEBUG_INFORMATION_FORMAT = dwarf;
				ENABLE_STRICT_OBJC_MSGSEND = YES;
				ENABLE_TESTABILITY = YES;
				ENABLE_USER_SCRIPT_SANDBOXING = YES;
				GCC_C_LANGUAGE_STANDARD = gnu17;
				GCC_DYNAMIC_NO_PIC = NO;
				GCC_NO_COMMON_BLOCKS = YES;
				GCC_OPTIMIZATION_LEVEL = 0;
				GCC_PREPROCESSOR_DEFINITIONS = (
					"DEBUG=1",
					"$(inherited)",
				);
				GCC_WARN_64_TO_32_BIT_CONVERSION = YES;
				GCC_WARN_ABOUT_RETURN_TYPE = YES_ERROR;
				GCC_WARN_UNDECLARED_SELECTOR = YES;
				GCC_WARN_UNINITIALIZED_AUTOS = YES_AGGRESSIVE;
				GCC_WARN_UNUSED_FUNCTION = YES;
				GCC_WARN_UNUSED_VARIABLE = YES;
				IPHONEOS_DEPLOYMENT_TARGET = 17.5;
				LOCALIZATION_PREFERS_STRING_CATALOGS = YES;
				MTL_ENABLE_DEBUG_INFO = INCLUDE_SOURCE;
				MTL_FAST_MATH = YES;
				ONLY_ACTIVE_ARCH = YES;
				SDKROOT = iphoneos;
				SWIFT_ACTIVE_COMPILATION_CONDITIONS = "DEBUG $(inherited)";
				SWIFT_OPTIMIZATION_LEVEL = "-Onone";
			};
			name = Debug;
		};
		068F143F2C36C4DF0025F2C6 /* Release */ = {
			isa = XCBuildConfiguration;
			buildSettings = {
				ALWAYS_SEARCH_USER_PATHS = NO;
				ASSETCATALOG_COMPILER_GENERATE_SWIFT_ASSET_SYMBOL_EXTENSIONS = YES;
				CLANG_ANALYZER_NONNULL = YES;
				CLANG_ANALYZER_NUMBER_OBJECT_CONVERSION = YES_AGGRESSIVE;
				CLANG_CXX_LANGUAGE_STANDARD = "gnu++20";
				CLANG_ENABLE_MODULES = YES;
				CLANG_ENABLE_OBJC_ARC = YES;
				CLANG_ENABLE_OBJC_WEAK = YES;
				CLANG_WARN_BLOCK_CAPTURE_AUTORELEASING = YES;
				CLANG_WARN_BOOL_CONVERSION = YES;
				CLANG_WARN_COMMA = YES;
				CLANG_WARN_CONSTANT_CONVERSION = YES;
				CLANG_WARN_DEPRECATED_OBJC_IMPLEMENTATIONS = YES;
				CLANG_WARN_DIRECT_OBJC_ISA_USAGE = YES_ERROR;
				CLANG_WARN_DOCUMENTATION_COMMENTS = YES;
				CLANG_WARN_EMPTY_BODY = YES;
				CLANG_WARN_ENUM_CONVERSION = YES;
				CLANG_WARN_INFINITE_RECURSION = YES;
				CLANG_WARN_INT_CONVERSION = YES;
				CLANG_WARN_NON_LITERAL_NULL_CONVERSION = YES;
				CLANG_WARN_OBJC_IMPLICIT_RETAIN_SELF = YES;
				CLANG_WARN_OBJC_LITERAL_CONVERSION = YES;
				CLANG_WARN_OBJC_ROOT_CLASS = YES_ERROR;
				CLANG_WARN_QUOTED_INCLUDE_IN_FRAMEWORK_HEADER = YES;
				CLANG_WARN_RANGE_LOOP_ANALYSIS = YES;
				CLANG_WARN_STRICT_PROTOTYPES = YES;
				CLANG_WARN_SUSPICIOUS_MOVE = YES;
				CLANG_WARN_UNGUARDED_AVAILABILITY = YES_AGGRESSIVE;
				CLANG_WARN_UNREACHABLE_CODE = YES;
				CLANG_WARN__DUPLICATE_METHOD_MATCH = YES;
				COPY_PHASE_STRIP = NO;
				DEBUG_INFORMATION_FORMAT = "dwarf-with-dsym";
				ENABLE_NS_ASSERTIONS = NO;
				ENABLE_STRICT_OBJC_MSGSEND = YES;
				ENABLE_USER_SCRIPT_SANDBOXING = YES;
				GCC_C_LANGUAGE_STANDARD = gnu17;
				GCC_NO_COMMON_BLOCKS = YES;
				GCC_WARN_64_TO_32_BIT_CONVERSION = YES;
				GCC_WARN_ABOUT_RETURN_TYPE = YES_ERROR;
				GCC_WARN_UNDECLARED_SELECTOR = YES;
				GCC_WARN_UNINITIALIZED_AUTOS = YES_AGGRESSIVE;
				GCC_WARN_UNUSED_FUNCTION = YES;
				GCC_WARN_UNUSED_VARIABLE = YES;
				IPHONEOS_DEPLOYMENT_TARGET = 17.5;
				LOCALIZATION_PREFERS_STRING_CATALOGS = YES;
				MTL_ENABLE_DEBUG_INFO = NO;
				MTL_FAST_MATH = YES;
				SDKROOT = iphoneos;
				SWIFT_COMPILATION_MODE = wholemodule;
				VALIDATE_PRODUCT = YES;
			};
			name = Release;
		};
		068F14412C36C4DF0025F2C6 /* Debug */ = {
			isa = XCBuildConfiguration;
			buildSettings = {
				ASSETCATALOG_COMPILER_APPICON_NAME = AppIcon;
				ASSETCATALOG_COMPILER_GLOBAL_ACCENT_COLOR_NAME = AccentColor;
				CODE_SIGN_STYLE = Automatic;
				CURRENT_PROJECT_VERSION = 1;
				DEVELOPMENT_TEAM = TBSLHJAF4T;
				GENERATE_INFOPLIST_FILE = YES;
				INFOPLIST_FILE = CineBrowse/Info.plist;
				INFOPLIST_KEY_UIApplicationSupportsIndirectInputEvents = YES;
				INFOPLIST_KEY_UILaunchStoryboardName = LaunchScreen;
				INFOPLIST_KEY_UIMainStoryboardFile = Main;
				INFOPLIST_KEY_UISupportedInterfaceOrientations_iPad = "UIInterfaceOrientationPortrait UIInterfaceOrientationPortraitUpsideDown UIInterfaceOrientationLandscapeLeft UIInterfaceOrientationLandscapeRight";
				INFOPLIST_KEY_UISupportedInterfaceOrientations_iPhone = "UIInterfaceOrientationPortrait UIInterfaceOrientationLandscapeLeft UIInterfaceOrientationLandscapeRight";
				LD_RUNPATH_SEARCH_PATHS = (
					"$(inherited)",
					"@executable_path/Frameworks",
				);
				MARKETING_VERSION = 1.0;
				PRODUCT_BUNDLE_IDENTIFIER = com.max.CineBrowse;
				PRODUCT_NAME = "$(TARGET_NAME)";
				SUPPORTED_PLATFORMS = "iphoneos iphonesimulator";
				SUPPORTS_MACCATALYST = NO;
				SUPPORTS_MAC_DESIGNED_FOR_IPHONE_IPAD = NO;
				SUPPORTS_XR_DESIGNED_FOR_IPHONE_IPAD = NO;
				SWIFT_EMIT_LOC_STRINGS = YES;
				SWIFT_VERSION = 5.0;
				TARGETED_DEVICE_FAMILY = "1,2";
			};
			name = Debug;
		};
		068F14422C36C4DF0025F2C6 /* Release */ = {
			isa = XCBuildConfiguration;
			buildSettings = {
				ASSETCATALOG_COMPILER_APPICON_NAME = AppIcon;
				ASSETCATALOG_COMPILER_GLOBAL_ACCENT_COLOR_NAME = AccentColor;
				CODE_SIGN_STYLE = Automatic;
				CURRENT_PROJECT_VERSION = 1;
				DEVELOPMENT_TEAM = TBSLHJAF4T;
				GENERATE_INFOPLIST_FILE = YES;
				INFOPLIST_FILE = CineBrowse/Info.plist;
				INFOPLIST_KEY_UIApplicationSupportsIndirectInputEvents = YES;
				INFOPLIST_KEY_UILaunchStoryboardName = LaunchScreen;
				INFOPLIST_KEY_UIMainStoryboardFile = Main;
				INFOPLIST_KEY_UISupportedInterfaceOrientations_iPad = "UIInterfaceOrientationPortrait UIInterfaceOrientationPortraitUpsideDown UIInterfaceOrientationLandscapeLeft UIInterfaceOrientationLandscapeRight";
				INFOPLIST_KEY_UISupportedInterfaceOrientations_iPhone = "UIInterfaceOrientationPortrait UIInterfaceOrientationLandscapeLeft UIInterfaceOrientationLandscapeRight";
				LD_RUNPATH_SEARCH_PATHS = (
					"$(inherited)",
					"@executable_path/Frameworks",
				);
				MARKETING_VERSION = 1.0;
				PRODUCT_BUNDLE_IDENTIFIER = com.max.CineBrowse;
				PRODUCT_NAME = "$(TARGET_NAME)";
				SUPPORTED_PLATFORMS = "iphoneos iphonesimulator";
				SUPPORTS_MACCATALYST = NO;
				SUPPORTS_MAC_DESIGNED_FOR_IPHONE_IPAD = NO;
				SUPPORTS_XR_DESIGNED_FOR_IPHONE_IPAD = NO;
				SWIFT_EMIT_LOC_STRINGS = YES;
				SWIFT_VERSION = 5.0;
				TARGETED_DEVICE_FAMILY = "1,2";
			};
			name = Release;
		};
		068F14442C36C4DF0025F2C6 /* Debug */ = {
			isa = XCBuildConfiguration;
			buildSettings = {
				ALWAYS_EMBED_SWIFT_STANDARD_LIBRARIES = YES;
				BUNDLE_LOADER = "$(TEST_HOST)";
				CODE_SIGN_STYLE = Automatic;
				CURRENT_PROJECT_VERSION = 1;
				GENERATE_INFOPLIST_FILE = YES;
				IPHONEOS_DEPLOYMENT_TARGET = 17.5;
				MARKETING_VERSION = 1.0;
				PRODUCT_BUNDLE_IDENTIFIER = com.max.CineBrowseTests;
				PRODUCT_NAME = "$(TARGET_NAME)";
				SWIFT_EMIT_LOC_STRINGS = NO;
				SWIFT_VERSION = 5.0;
				TARGETED_DEVICE_FAMILY = "1,2";
				TEST_HOST = "$(BUILT_PRODUCTS_DIR)/CineBrowse.app/$(BUNDLE_EXECUTABLE_FOLDER_PATH)/CineBrowse";
			};
			name = Debug;
		};
		068F14452C36C4DF0025F2C6 /* Release */ = {
			isa = XCBuildConfiguration;
			buildSettings = {
				ALWAYS_EMBED_SWIFT_STANDARD_LIBRARIES = YES;
				BUNDLE_LOADER = "$(TEST_HOST)";
				CODE_SIGN_STYLE = Automatic;
				CURRENT_PROJECT_VERSION = 1;
				GENERATE_INFOPLIST_FILE = YES;
				IPHONEOS_DEPLOYMENT_TARGET = 17.5;
				MARKETING_VERSION = 1.0;
				PRODUCT_BUNDLE_IDENTIFIER = com.max.CineBrowseTests;
				PRODUCT_NAME = "$(TARGET_NAME)";
				SWIFT_EMIT_LOC_STRINGS = NO;
				SWIFT_VERSION = 5.0;
				TARGETED_DEVICE_FAMILY = "1,2";
				TEST_HOST = "$(BUILT_PRODUCTS_DIR)/CineBrowse.app/$(BUNDLE_EXECUTABLE_FOLDER_PATH)/CineBrowse";
			};
			name = Release;
		};
		068F14472C36C4DF0025F2C6 /* Debug */ = {
			isa = XCBuildConfiguration;
			buildSettings = {
				ALWAYS_EMBED_SWIFT_STANDARD_LIBRARIES = YES;
				CODE_SIGN_STYLE = Automatic;
				CURRENT_PROJECT_VERSION = 1;
				GENERATE_INFOPLIST_FILE = YES;
				MARKETING_VERSION = 1.0;
				PRODUCT_BUNDLE_IDENTIFIER = com.max.CineBrowseUITests;
				PRODUCT_NAME = "$(TARGET_NAME)";
				SWIFT_EMIT_LOC_STRINGS = NO;
				SWIFT_VERSION = 5.0;
				TARGETED_DEVICE_FAMILY = "1,2";
				TEST_TARGET_NAME = CineBrowse;
			};
			name = Debug;
		};
		068F14482C36C4DF0025F2C6 /* Release */ = {
			isa = XCBuildConfiguration;
			buildSettings = {
				ALWAYS_EMBED_SWIFT_STANDARD_LIBRARIES = YES;
				CODE_SIGN_STYLE = Automatic;
				CURRENT_PROJECT_VERSION = 1;
				GENERATE_INFOPLIST_FILE = YES;
				MARKETING_VERSION = 1.0;
				PRODUCT_BUNDLE_IDENTIFIER = com.max.CineBrowseUITests;
				PRODUCT_NAME = "$(TARGET_NAME)";
				SWIFT_EMIT_LOC_STRINGS = NO;
				SWIFT_VERSION = 5.0;
				TARGETED_DEVICE_FAMILY = "1,2";
				TEST_TARGET_NAME = CineBrowse;
			};
			name = Release;
		};
/* End XCBuildConfiguration section */

/* Begin XCConfigurationList section */
		068F14112C36C4D60025F2C6 /* Build configuration list for PBXProject "CineBrowse" */ = {
			isa = XCConfigurationList;
			buildConfigurations = (
				068F143E2C36C4DF0025F2C6 /* Debug */,
				068F143F2C36C4DF0025F2C6 /* Release */,
			);
			defaultConfigurationIsVisible = 0;
			defaultConfigurationName = Release;
		};
		068F14402C36C4DF0025F2C6 /* Build configuration list for PBXNativeTarget "CineBrowse" */ = {
			isa = XCConfigurationList;
			buildConfigurations = (
				068F14412C36C4DF0025F2C6 /* Debug */,
				068F14422C36C4DF0025F2C6 /* Release */,
			);
			defaultConfigurationIsVisible = 0;
			defaultConfigurationName = Release;
		};
		068F14432C36C4DF0025F2C6 /* Build configuration list for PBXNativeTarget "CineBrowseTests" */ = {
			isa = XCConfigurationList;
			buildConfigurations = (
				068F14442C36C4DF0025F2C6 /* Debug */,
				068F14452C36C4DF0025F2C6 /* Release */,
			);
			defaultConfigurationIsVisible = 0;
			defaultConfigurationName = Release;
		};
		068F14462C36C4DF0025F2C6 /* Build configuration list for PBXNativeTarget "CineBrowseUITests" */ = {
			isa = XCConfigurationList;
			buildConfigurations = (
				068F14472C36C4DF0025F2C6 /* Debug */,
				068F14482C36C4DF0025F2C6 /* Release */,
			);
			defaultConfigurationIsVisible = 0;
			defaultConfigurationName = Release;
		};
/* End XCConfigurationList section */

/* Begin XCRemoteSwiftPackageReference section */
		0604B8C42C37CD430045BC94 /* XCRemoteSwiftPackageReference "realm-swift" */ = {
			isa = XCRemoteSwiftPackageReference;
			repositoryURL = "https://github.com/realm/realm-swift.git";
			requirement = {
				kind = exactVersion;
				version = 10.52.1;
			};
		};
		068F14492C36E1740025F2C6 /* XCRemoteSwiftPackageReference "firebase-ios-sdk" */ = {
			isa = XCRemoteSwiftPackageReference;
			repositoryURL = "https://github.com/firebase/firebase-ios-sdk";
			requirement = {
				kind = exactVersion;
				version = 10.28.1;
			};
		};
		068F14502C36E4700025F2C6 /* XCRemoteSwiftPackageReference "GoogleSignIn-iOS" */ = {
			isa = XCRemoteSwiftPackageReference;
			repositoryURL = "https://github.com/google/GoogleSignIn-iOS";
			requirement = {
				kind = exactVersion;
				version = 7.1.0;
			};
		};
/* End XCRemoteSwiftPackageReference section */

/* Begin XCSwiftPackageProductDependency section */
		0604B8C52C37CD430045BC94 /* RealmSwift */ = {
			isa = XCSwiftPackageProductDependency;
			package = 0604B8C42C37CD430045BC94 /* XCRemoteSwiftPackageReference "realm-swift" */;
			productName = RealmSwift;
		};
		068F144A2C36E1750025F2C6 /* FirebaseAnalyticsSwift */ = {
			isa = XCSwiftPackageProductDependency;
			package = 068F14492C36E1740025F2C6 /* XCRemoteSwiftPackageReference "firebase-ios-sdk" */;
			productName = FirebaseAnalyticsSwift;
		};
		068F144C2C36E1750025F2C6 /* FirebaseAppCheck */ = {
			isa = XCSwiftPackageProductDependency;
			package = 068F14492C36E1740025F2C6 /* XCRemoteSwiftPackageReference "firebase-ios-sdk" */;
			productName = FirebaseAppCheck;
		};
		068F144E2C36E1750025F2C6 /* FirebaseAuth */ = {
			isa = XCSwiftPackageProductDependency;
			package = 068F14492C36E1740025F2C6 /* XCRemoteSwiftPackageReference "firebase-ios-sdk" */;
			productName = FirebaseAuth;
		};
		068F14512C36E4700025F2C6 /* GoogleSignInSwift */ = {
			isa = XCSwiftPackageProductDependency;
			package = 068F14502C36E4700025F2C6 /* XCRemoteSwiftPackageReference "GoogleSignIn-iOS" */;
			productName = GoogleSignInSwift;
		};
/* End XCSwiftPackageProductDependency section */
	};
	rootObject = 068F140E2C36C4D60025F2C6 /* Project object */;
}
